{
  "name": "legs",
  "version": "1.0.0",
  "lockfileVersion": 1,
  "requires": true,
  "dependencies": {
    "@types/node": {
      "version": "8.10.54",
      "resolved": "https://registry.npmjs.org/@types/node/-/node-8.10.54.tgz",
      "integrity": "sha512-kaYyLYf6ICn6/isAyD4K1MyWWd5Q3JgH6bnMN089LUx88+s4W8GvK9Q6JMBVu5vsFFp7pMdSxdKmlBXwH/VFRg==",
      "dev": true
    },
    "@types/vscode": {
      "version": "1.39.0",
      "resolved": "https://registry.npmjs.org/@types/vscode/-/vscode-1.39.0.tgz",
      "integrity": "sha512-rlg0okXDt7NjAyHXbZ2nO1I/VY/8y9w67ltLRrOxXQ46ayvrYZavD4A6zpYrGbs2+ZOEQzcUs+QZOqcVGQIxXQ==",
      "dev": true
    },
    "typescript": {
      "version": "3.6.4",
      "resolved": "https://registry.npmjs.org/typescript/-/typescript-3.6.4.tgz",
      "integrity": "sha512-unoCll1+l+YK4i4F8f22TaNVPRHcD9PA3yCuZ8g5e0qGqlVlJ/8FSateOLLSagn+Yg5+ZwuPkL8LFUc0Jcvksg==",
      "dev": true
    }
  }
}
